
Microsoft Visual Studio Solution File, Format Version 12.00
# Visual Studio Version 17
VisualStudioVersion = 17.4.33205.214
MinimumVisualStudioVersion = 10.0.40219.1
Project("{FAE04EC0-301F-11D3-BF4B-00C04F79EFBC}") = "LoginRegConsole", "LoginRegConsole\LoginRegConsole.csproj", "{7FDA670E-9E20-4500-B139-8B9A53492A7E}"
EndProject
Global
	GlobalSection(SolutionConfigurationPlatforms) = preSolution
		Debug|Any CPU = Debug|Any CPU
		Release|Any CPU = Release|Any CPU
	EndGlobalSection
	GlobalSection(ProjectConfigurationPlatforms) = postSolution
		{7FDA670E-9E20-4500-B139-8B9A53492A7E}.Debug|Any CPU.ActiveCfg = Debug|Any CPU
		{7FDA670E-9E20-4500-B139-8B9A53492A7E}.Debug|Any CPU.Build.0 = Debug|Any CPU
		{7FDA670E-9E20-4500-B139-8B9A53492A7E}.Release|Any CPU.ActiveCfg = Release|Any CPU
		{7FDA670E-9E20-4500-B139-8B9A53492A7E}.Release|Any CPU.Build.0 = Release|Any CPU
	EndGlobalSection
	GlobalSection(SolutionProperties) = preSolution
		HideSolutionNode = FALSE
	EndGlobalSection
	GlobalSection(ExtensibilityGlobals) = postSolution
		SolutionGuid = {C8D75F0F-7393-4E0E-B149-51447A31824A}
	EndGlobalSection
EndGlobal
